
Microsoft Visual Studio Solution File, Format Version 12.00
# Visual Studio Version 17
VisualStudioVersion = 17.1.32210.238
MinimumVisualStudioVersion = 10.0.40219.1
Project("{9A19103F-16F7-4668-BE54-9A1E7A4F7556}") = "Rover.Cli", "Rover.Cli\Rover.Cli.csproj", "{9C4DF440-5D6F-4397-992E-F49E32A5C7EE}"
EndProject
Project("{FAE04EC0-301F-11D3-BF4B-00C04F79EFBC}") = "Rover.Tests", "Rover.Tests\Rover.Tests.csproj", "{E02DD551-5415-4579-8580-311EBB255F2E}"
EndProject
Global
	GlobalSection(SolutionConfigurationPlatforms) = preSolution
		Debug|Any CPU = Debug|Any CPU
		Release|Any CPU = Release|Any CPU
	EndGlobalSection
	GlobalSection(ProjectConfigurationPlatforms) = postSolution
		{9C4DF440-5D6F-4397-992E-F49E32A5C7EE}.Debug|Any CPU.ActiveCfg = Debug|Any CPU
		{9C4DF440-5D6F-4397-992E-F49E32A5C7EE}.Debug|Any CPU.Build.0 = Debug|Any CPU
		{9C4DF440-5D6F-4397-992E-F49E32A5C7EE}.Release|Any CPU.ActiveCfg = Release|Any CPU
		{9C4DF440-5D6F-4397-992E-F49E32A5C7EE}.Release|Any CPU.Build.0 = Release|Any CPU
		{E02DD551-5415-4579-8580-311EBB255F2E}.Debug|Any CPU.ActiveCfg = Debug|Any CPU
		{E02DD551-5415-4579-8580-311EBB255F2E}.Debug|Any CPU.Build.0 = Debug|Any CPU
		{E02DD551-5415-4579-8580-311EBB255F2E}.Release|Any CPU.ActiveCfg = Release|Any CPU
		{E02DD551-5415-4579-8580-311EBB255F2E}.Release|Any CPU.Build.0 = Release|Any CPU
	EndGlobalSection
	GlobalSection(SolutionProperties) = preSolution
		HideSolutionNode = FALSE
	EndGlobalSection
	GlobalSection(ExtensibilityGlobals) = postSolution
		SolutionGuid = {1B358A6F-D8B1-4E9F-95DC-8C2C1C3FD040}
	EndGlobalSection
EndGlobal
